75389
/Users/javierortiz/Library/Java/JavaVirtualMachines/openjdk-25.0.2/Contents/Home/bin/java -javaagent:/Users/javierortiz/.m2/repository/org/jacoco/org.jacoco.agent/0.8.14/org.jacoco.agent-0.8.14-runtime.jar=destfile=/Users/javierortiz/Documents/NetBeansProjects/all-time-wrestling-rpg/target/jacoco-e2e.exec -Xmx2g -XX:+EnableDynamicAgentLoading -Djdk.instrument.traceUsage=false -Dspring.profiles.active=test -Dflyway.cleanDisabled=false -jar /Users/javierortiz/Documents/NetBeansProjects/all-time-wrestling-rpg/target/surefire/surefirebooter-20260216173808047_3.jar /Users/javierortiz/Documents/NetBeansProjects/all-time-wrestling-rpg/target/surefire 2026-02-16T17-38-08_002-jvmRun1 surefire-20260216173808047_1tmp surefire_0-20260216173808047_2tmp
