90945
/Users/javierortiz/Library/Java/JavaVirtualMachines/openjdk-25.0.1/Contents/Home/bin/java -javaagent:/Users/javierortiz/.m2/repository/org/jacoco/org.jacoco.agent/0.8.14/org.jacoco.agent-0.8.14-runtime.jar=destfile=/Users/javierortiz/Documents/NetBeansProjects/all-time-wrestling-rpg/target/jacoco-e2e.exec -jar /Users/javierortiz/Documents/NetBeansProjects/all-time-wrestling-rpg/target/surefire/surefirebooter-20260117193503839_3.jar /Users/javierortiz/Documents/NetBeansProjects/all-time-wrestling-rpg/target/surefire 2026-01-17T19-35-03_775-jvmRun1 surefire-20260117193503839_1tmp surefire_0-20260117193503839_2tmp
